// !$*UTF8*$!
{
	archiveVersion = 1;
	classes = {
	};
	objectVersion = 56;
	objects = {

/* Begin PBXBuildFile section */
		D83258A42B56BC8F006267A3 /* LabelFactory.swift in Sources */ = {isa = PBXBuildFile; fileRef = D83258A32B56BC8F006267A3 /* LabelFactory.swift */; };
		D852BE832B53FC4A0003A0D1 /* AppDelegate.swift in Sources */ = {isa = PBXBuildFile; fileRef = D852BE822B53FC4A0003A0D1 /* AppDelegate.swift */; };
		D852BE852B53FC4A0003A0D1 /* SceneDelegate.swift in Sources */ = {isa = PBXBuildFile; fileRef = D852BE842B53FC4A0003A0D1 /* SceneDelegate.swift */; };
		D852BE872B53FC4A0003A0D1 /* CalculatorVC.swift in Sources */ = {isa = PBXBuildFile; fileRef = D852BE862B53FC4A0003A0D1 /* CalculatorVC.swift */; };
		D852BE8C2B53FC4B0003A0D1 /* Assets.xcassets in Resources */ = {isa = PBXBuildFile; fileRef = D852BE8B2B53FC4B0003A0D1 /* Assets.xcassets */; };
		D852BE8F2B53FC4B0003A0D1 /* LaunchScreen.storyboard in Resources */ = {isa = PBXBuildFile; fileRef = D852BE8D2B53FC4B0003A0D1 /* LaunchScreen.storyboard */; };
		D852BE9A2B53FC4C0003A0D1 /* TipCalculatorTests.swift in Sources */ = {isa = PBXBuildFile; fileRef = D852BE992B53FC4C0003A0D1 /* TipCalculatorTests.swift */; };
		D852BEA42B53FC4C0003A0D1 /* TipCalculatorUITests.swift in Sources */ = {isa = PBXBuildFile; fileRef = D852BEA32B53FC4C0003A0D1 /* TipCalculatorUITests.swift */; };
		D852BEA62B53FC4C0003A0D1 /* TipCalculatorUITestsLaunchTests.swift in Sources */ = {isa = PBXBuildFile; fileRef = D852BEA52B53FC4C0003A0D1 /* TipCalculatorUITestsLaunchTests.swift */; };
		D852BEB42B5402B70003A0D1 /* CombineCocoa in Frameworks */ = {isa = PBXBuildFile; productRef = D852BEB32B5402B70003A0D1 /* CombineCocoa */; };
		D852BEB72B5403A60003A0D1 /* SnapKit in Frameworks */ = {isa = PBXBuildFile; productRef = D852BEB62B5403A60003A0D1 /* SnapKit */; };
		D852BEBA2B54055B0003A0D1 /* CombineCocoa in Frameworks */ = {isa = PBXBuildFile; productRef = D852BEB92B54055B0003A0D1 /* CombineCocoa */; };
		D852BEBD2B5406C30003A0D1 /* SnapshotTesting in Frameworks */ = {isa = PBXBuildFile; productRef = D852BEBC2B5406C30003A0D1 /* SnapshotTesting */; };
		D852BEBF2B5407B30003A0D1 /* CombineCocoa in Frameworks */ = {isa = PBXBuildFile; productRef = D852BEBE2B5407B30003A0D1 /* CombineCocoa */; };
		D852BEC22B541A3D0003A0D1 /* LogoView.swift in Sources */ = {isa = PBXBuildFile; fileRef = D852BEC12B541A3D0003A0D1 /* LogoView.swift */; };
		D852BEC42B541CAC0003A0D1 /* ResultView.swift in Sources */ = {isa = PBXBuildFile; fileRef = D852BEC32B541CAC0003A0D1 /* ResultView.swift */; };
		D852BEC62B541CDB0003A0D1 /* BillInputView.swift in Sources */ = {isa = PBXBuildFile; fileRef = D852BEC52B541CDB0003A0D1 /* BillInputView.swift */; };
		D852BEC82B541CFE0003A0D1 /* TipInputView.swift in Sources */ = {isa = PBXBuildFile; fileRef = D852BEC72B541CFE0003A0D1 /* TipInputView.swift */; };
		D852BECA2B541D170003A0D1 /* SplitInputView.swift in Sources */ = {isa = PBXBuildFile; fileRef = D852BEC92B541D170003A0D1 /* SplitInputView.swift */; };
		D8930E152B5574FA002AF2E3 /* ThemeColor.swift in Sources */ = {isa = PBXBuildFile; fileRef = D8930E142B5574FA002AF2E3 /* ThemeColor.swift */; };
		D8930E172B557505002AF2E3 /* ThemeFont.swift in Sources */ = {isa = PBXBuildFile; fileRef = D8930E162B557505002AF2E3 /* ThemeFont.swift */; };
		D8930E1A2B557594002AF2E3 /* UIColor+Extension.swift in Sources */ = {isa = PBXBuildFile; fileRef = D8930E192B557594002AF2E3 /* UIColor+Extension.swift */; };
/* End PBXBuildFile section */

/* Begin PBXContainerItemProxy section */
		D852BE962B53FC4C0003A0D1 /* PBXContainerItemProxy */ = {
			isa = PBXContainerItemProxy;
			containerPortal = D852BE772B53FC4A0003A0D1 /* Project object */;
			proxyType = 1;
			remoteGlobalIDString = D852BE7E2B53FC4A0003A0D1;
			remoteInfo = TipCalculator;
		};
		D852BEA02B53FC4C0003A0D1 /* PBXContainerItemProxy */ = {
			isa = PBXContainerItemProxy;
			containerPortal = D852BE772B53FC4A0003A0D1 /* Project object */;
			proxyType = 1;
			remoteGlobalIDString = D852BE7E2B53FC4A0003A0D1;
			remoteInfo = TipCalculator;
		};
/* End PBXContainerItemProxy section */

/* Begin PBXFileReference section */
		D83258A32B56BC8F006267A3 /* LabelFactory.swift */ = {isa = PBXFileReference; lastKnownFileType = sourcecode.swift; path = LabelFactory.swift; sourceTree = "<group>"; };
		D852BE7F2B53FC4A0003A0D1 /* TipCalculator.app */ = {isa = PBXFileReference; explicitFileType = wrapper.application; includeInIndex = 0; path = TipCalculator.app; sourceTree = BUILT_PRODUCTS_DIR; };
		D852BE822B53FC4A0003A0D1 /* AppDelegate.swift */ = {isa = PBXFileReference; lastKnownFileType = sourcecode.swift; path = AppDelegate.swift; sourceTree = "<group>"; };
		D852BE842B53FC4A0003A0D1 /* SceneDelegate.swift */ = {isa = PBXFileReference; lastKnownFileType = sourcecode.swift; path = SceneDelegate.swift; sourceTree = "<group>"; };
		D852BE862B53FC4A0003A0D1 /* CalculatorVC.swift */ = {isa = PBXFileReference; lastKnownFileType = sourcecode.swift; path = CalculatorVC.swift; sourceTree = "<group>"; };
		D852BE8B2B53FC4B0003A0D1 /* Assets.xcassets */ = {isa = PBXFileReference; lastKnownFileType = folder.assetcatalog; path = Assets.xcassets; sourceTree = "<group>"; };
		D852BE8E2B53FC4B0003A0D1 /* Base */ = {isa = PBXFileReference; lastKnownFileType = file.storyboard; name = Base; path = Base.lproj/LaunchScreen.storyboard; sourceTree = "<group>"; };
		D852BE902B53FC4B0003A0D1 /* Info.plist */ = {isa = PBXFileReference; lastKnownFileType = text.plist.xml; path = Info.plist; sourceTree = "<group>"; };
		D852BE952B53FC4C0003A0D1 /* TipCalculatorTests.xctest */ = {isa = PBXFileReference; explicitFileType = wrapper.cfbundle; includeInIndex = 0; path = TipCalculatorTests.xctest; sourceTree = BUILT_PRODUCTS_DIR; };
		D852BE992B53FC4C0003A0D1 /* TipCalculatorTests.swift */ = {isa = PBXFileReference; lastKnownFileType = sourcecode.swift; path = TipCalculatorTests.swift; sourceTree = "<group>"; };
		D852BE9F2B53FC4C0003A0D1 /* TipCalculatorUITests.xctest */ = {isa = PBXFileReference; explicitFileType = wrapper.cfbundle; includeInIndex = 0; path = TipCalculatorUITests.xctest; sourceTree = BUILT_PRODUCTS_DIR; };
		D852BEA32B53FC4C0003A0D1 /* TipCalculatorUITests.swift */ = {isa = PBXFileReference; lastKnownFileType = sourcecode.swift; path = TipCalculatorUITests.swift; sourceTree = "<group>"; };
		D852BEA52B53FC4C0003A0D1 /* TipCalculatorUITestsLaunchTests.swift */ = {isa = PBXFileReference; lastKnownFileType = sourcecode.swift; path = TipCalculatorUITestsLaunchTests.swift; sourceTree = "<group>"; };
		D852BEC12B541A3D0003A0D1 /* LogoView.swift */ = {isa = PBXFileReference; lastKnownFileType = sourcecode.swift; path = LogoView.swift; sourceTree = "<group>"; };
		D852BEC32B541CAC0003A0D1 /* ResultView.swift */ = {isa = PBXFileReference; lastKnownFileType = sourcecode.swift; path = ResultView.swift; sourceTree = "<group>"; };
		D852BEC52B541CDB0003A0D1 /* BillInputView.swift */ = {isa = PBXFileReference; lastKnownFileType = sourcecode.swift; path = BillInputView.swift; sourceTree = "<group>"; };
		D852BEC72B541CFE0003A0D1 /* TipInputView.swift */ = {isa = PBXFileReference; lastKnownFileType = sourcecode.swift; path = TipInputView.swift; sourceTree = "<group>"; };
		D852BEC92B541D170003A0D1 /* SplitInputView.swift */ = {isa = PBXFileReference; lastKnownFileType = sourcecode.swift; path = SplitInputView.swift; sourceTree = "<group>"; };
		D8930E142B5574FA002AF2E3 /* ThemeColor.swift */ = {isa = PBXFileReference; lastKnownFileType = sourcecode.swift; path = ThemeColor.swift; sourceTree = "<group>"; };
		D8930E162B557505002AF2E3 /* ThemeFont.swift */ = {isa = PBXFileReference; lastKnownFileType = sourcecode.swift; path = ThemeFont.swift; sourceTree = "<group>"; };
		D8930E192B557594002AF2E3 /* UIColor+Extension.swift */ = {isa = PBXFileReference; lastKnownFileType = sourcecode.swift; path = "UIColor+Extension.swift"; sourceTree = "<group>"; };
/* End PBXFileReference section */

/* Begin PBXFrameworksBuildPhase section */
		D852BE7C2B53FC4A0003A0D1 /* Frameworks */ = {
			isa = PBXFrameworksBuildPhase;
			buildActionMask = 2147483647;
			files = (
				D852BEB42B5402B70003A0D1 /* CombineCocoa in Frameworks */,
				D852BEB72B5403A60003A0D1 /* SnapKit in Frameworks */,
			);
			runOnlyForDeploymentPostprocessing = 0;
		};
		D852BE922B53FC4C0003A0D1 /* Frameworks */ = {
			isa = PBXFrameworksBuildPhase;
			buildActionMask = 2147483647;
			files = (
				D852BEBA2B54055B0003A0D1 /* CombineCocoa in Frameworks */,
				D852BEBD2B5406C30003A0D1 /* SnapshotTesting in Frameworks */,
			);
			runOnlyForDeploymentPostprocessing = 0;
		};
		D852BE9C2B53FC4C0003A0D1 /* Frameworks */ = {
			isa = PBXFrameworksBuildPhase;
			buildActionMask = 2147483647;
			files = (
				D852BEBF2B5407B30003A0D1 /* CombineCocoa in Frameworks */,
			);
			runOnlyForDeploymentPostprocessing = 0;
		};
/* End PBXFrameworksBuildPhase section */

/* Begin PBXGroup section */
		D83258A22B56BC3C006267A3 /* Factory */ = {
			isa = PBXGroup;
			children = (
				D83258A32B56BC8F006267A3 /* LabelFactory.swift */,
			);
			path = Factory;
			sourceTree = "<group>";
		};
		D852BE762B53FC4A0003A0D1 = {
			isa = PBXGroup;
			children = (
				D852BE812B53FC4A0003A0D1 /* TipCalculator */,
				D852BE982B53FC4C0003A0D1 /* TipCalculatorTests */,
				D852BEA22B53FC4C0003A0D1 /* TipCalculatorUITests */,
				D852BE802B53FC4A0003A0D1 /* Products */,
				D852BEB82B54055B0003A0D1 /* Frameworks */,
			);
			sourceTree = "<group>";
		};
		D852BE802B53FC4A0003A0D1 /* Products */ = {
			isa = PBXGroup;
			children = (
				D852BE7F2B53FC4A0003A0D1 /* TipCalculator.app */,
				D852BE952B53FC4C0003A0D1 /* TipCalculatorTests.xctest */,
				D852BE9F2B53FC4C0003A0D1 /* TipCalculatorUITests.xctest */,
			);
			name = Products;
			sourceTree = "<group>";
		};
		D852BE812B53FC4A0003A0D1 /* TipCalculator */ = {
			isa = PBXGroup;
			children = (
				D83258A22B56BC3C006267A3 /* Factory */,
				D8930E182B557572002AF2E3 /* Extension */,
				D8930E132B5574D8002AF2E3 /* Config */,
				D852BEC02B541A100003A0D1 /* View */,
				D852BE822B53FC4A0003A0D1 /* AppDelegate.swift */,
				D852BE842B53FC4A0003A0D1 /* SceneDelegate.swift */,
				D852BE862B53FC4A0003A0D1 /* CalculatorVC.swift */,
				D852BE8B2B53FC4B0003A0D1 /* Assets.xcassets */,
				D852BE8D2B53FC4B0003A0D1 /* LaunchScreen.storyboard */,
				D852BE902B53FC4B0003A0D1 /* Info.plist */,
			);
			path = TipCalculator;
			sourceTree = "<group>";
		};
		D852BE982B53FC4C0003A0D1 /* TipCalculatorTests */ = {
			isa = PBXGroup;
			children = (
				D852BE992B53FC4C0003A0D1 /* TipCalculatorTests.swift */,
			);
			path = TipCalculatorTests;
			sourceTree = "<group>";
		};
		D852BEA22B53FC4C0003A0D1 /* TipCalculatorUITests */ = {
			isa = PBXGroup;
			children = (
				D852BEA32B53FC4C0003A0D1 /* TipCalculatorUITests.swift */,
				D852BEA52B53FC4C0003A0D1 /* TipCalculatorUITestsLaunchTests.swift */,
			);
			path = TipCalculatorUITests;
			sourceTree = "<group>";
		};
		D852BEB82B54055B0003A0D1 /* Frameworks */ = {
			isa = PBXGroup;
			children = (
			);
			name = Frameworks;
			sourceTree = "<group>";
		};
		D852BEC02B541A100003A0D1 /* View */ = {
			isa = PBXGroup;
			children = (
				D852BEC12B541A3D0003A0D1 /* LogoView.swift */,
				D852BEC32B541CAC0003A0D1 /* ResultView.swift */,
				D852BEC52B541CDB0003A0D1 /* BillInputView.swift */,
				D852BEC72B541CFE0003A0D1 /* TipInputView.swift */,
				D852BEC92B541D170003A0D1 /* SplitInputView.swift */,
			);
			path = View;
			sourceTree = "<group>";
		};
		D8930E132B5574D8002AF2E3 /* Config */ = {
			isa = PBXGroup;
			children = (
				D8930E142B5574FA002AF2E3 /* ThemeColor.swift */,
				D8930E162B557505002AF2E3 /* ThemeFont.swift */,
			);
			path = Config;
			sourceTree = "<group>";
		};
		D8930E182B557572002AF2E3 /* Extension */ = {
			isa = PBXGroup;
			children = (
				D8930E192B557594002AF2E3 /* UIColor+Extension.swift */,
			);
			path = Extension;
			sourceTree = "<group>";
		};
/* End PBXGroup section */

/* Begin PBXNativeTarget section */
		D852BE7E2B53FC4A0003A0D1 /* TipCalculator */ = {
			isa = PBXNativeTarget;
			buildConfigurationList = D852BEA92B53FC4C0003A0D1 /* Build configuration list for PBXNativeTarget "TipCalculator" */;
			buildPhases = (
				D852BE7B2B53FC4A0003A0D1 /* Sources */,
				D852BE7C2B53FC4A0003A0D1 /* Frameworks */,
				D852BE7D2B53FC4A0003A0D1 /* Resources */,
			);
			buildRules = (
			);
			dependencies = (
			);
			name = TipCalculator;
			packageProductDependencies = (
				D852BEB32B5402B70003A0D1 /* CombineCocoa */,
				D852BEB62B5403A60003A0D1 /* SnapKit */,
			);
			productName = TipCalculator;
			productReference = D852BE7F2B53FC4A0003A0D1 /* TipCalculator.app */;
			productType = "com.apple.product-type.application";
		};
		D852BE942B53FC4C0003A0D1 /* TipCalculatorTests */ = {
			isa = PBXNativeTarget;
			buildConfigurationList = D852BEAC2B53FC4C0003A0D1 /* Build configuration list for PBXNativeTarget "TipCalculatorTests" */;
			buildPhases = (
				D852BE912B53FC4C0003A0D1 /* Sources */,
				D852BE922B53FC4C0003A0D1 /* Frameworks */,
				D852BE932B53FC4C0003A0D1 /* Resources */,
			);
			buildRules = (
			);
			dependencies = (
				D852BE972B53FC4C0003A0D1 /* PBXTargetDependency */,
			);
			name = TipCalculatorTests;
			packageProductDependencies = (
				D852BEB92B54055B0003A0D1 /* CombineCocoa */,
				D852BEBC2B5406C30003A0D1 /* SnapshotTesting */,
			);
			productName = TipCalculatorTests;
			productReference = D852BE952B53FC4C0003A0D1 /* TipCalculatorTests.xctest */;
			productType = "com.apple.product-type.bundle.unit-test";
		};
		D852BE9E2B53FC4C0003A0D1 /* TipCalculatorUITests */ = {
			isa = PBXNativeTarget;
			buildConfigurationList = D852BEAF2B53FC4C0003A0D1 /* Build configuration list for PBXNativeTarget "TipCalculatorUITests" */;
			buildPhases = (
				D852BE9B2B53FC4C0003A0D1 /* Sources */,
				D852BE9C2B53FC4C0003A0D1 /* Frameworks */,
				D852BE9D2B53FC4C0003A0D1 /* Resources */,
			);
			buildRules = (
			);
			dependencies = (
				D852BEA12B53FC4C0003A0D1 /* PBXTargetDependency */,
			);
			name = TipCalculatorUITests;
			packageProductDependencies = (
				D852BEBE2B5407B30003A0D1 /* CombineCocoa */,
			);
			productName = TipCalculatorUITests;
			productReference = D852BE9F2B53FC4C0003A0D1 /* TipCalculatorUITests.xctest */;
			productType = "com.apple.product-type.bundle.ui-testing";
		};
/* End PBXNativeTarget section */

/* Begin PBXProject section */
		D852BE772B53FC4A0003A0D1 /* Project object */ = {
			isa = PBXProject;
			attributes = {
				BuildIndependentTargetsInParallel = 1;
				LastSwiftUpdateCheck = 1510;
				LastUpgradeCheck = 1510;
				TargetAttributes = {
					D852BE7E2B53FC4A0003A0D1 = {
						CreatedOnToolsVersion = 15.1;
					};
					D852BE942B53FC4C0003A0D1 = {
						CreatedOnToolsVersion = 15.1;
						TestTargetID = D852BE7E2B53FC4A0003A0D1;
					};
					D852BE9E2B53FC4C0003A0D1 = {
						CreatedOnToolsVersion = 15.1;
						TestTargetID = D852BE7E2B53FC4A0003A0D1;
					};
				};
			};
			buildConfigurationList = D852BE7A2B53FC4A0003A0D1 /* Build configuration list for PBXProject "TipCalculator" */;
			compatibilityVersion = "Xcode 14.0";
			developmentRegion = en;
			hasScannedForEncodings = 0;
			knownRegions = (
				en,
				Base,
			);
			mainGroup = D852BE762B53FC4A0003A0D1;
			packageReferences = (
				D852BEB22B5402B70003A0D1 /* XCRemoteSwiftPackageReference "CombineCocoa" */,
				D852BEB52B5403A60003A0D1 /* XCRemoteSwiftPackageReference "SnapKit" */,
				D852BEBB2B5406C30003A0D1 /* XCRemoteSwiftPackageReference "swift-snapshot-testing" */,
			);
			productRefGroup = D852BE802B53FC4A0003A0D1 /* Products */;
			projectDirPath = "";
			projectRoot = "";
			targets = (
				D852BE7E2B53FC4A0003A0D1 /* TipCalculator */,
				D852BE942B53FC4C0003A0D1 /* TipCalculatorTests */,
				D852BE9E2B53FC4C0003A0D1 /* TipCalculatorUITests */,
			);
		};
/* End PBXProject section */

/* Begin PBXResourcesBuildPhase section */
		D852BE7D2B53FC4A0003A0D1 /* Resources */ = {
			isa = PBXResourcesBuildPhase;
			buildActionMask = 2147483647;
			files = (
				D852BE8F2B53FC4B0003A0D1 /* LaunchScreen.storyboard in Resources */,
				D852BE8C2B53FC4B0003A0D1 /* Assets.xcassets in Resources */,
			);
			runOnlyForDeploymentPostprocessing = 0;
		};
		D852BE932B53FC4C0003A0D1 /* Resources */ = {
			isa = PBXResourcesBuildPhase;
			buildActionMask = 2147483647;
			files = (
			);
			runOnlyForDeploymentPostprocessing = 0;
		};
		D852BE9D2B53FC4C0003A0D1 /* Resources */ = {
			isa = PBXResourcesBuildPhase;
			buildActionMask = 2147483647;
			files = (
			);
			runOnlyForDeploymentPostprocessing = 0;
		};
/* End PBXResourcesBuildPhase section */

/* Begin PBXSourcesBuildPhase section */
		D852BE7B2B53FC4A0003A0D1 /* Sources */ = {
			isa = PBXSourcesBuildPhase;
			buildActionMask = 2147483647;
			files = (
				D852BE872B53FC4A0003A0D1 /* CalculatorVC.swift in Sources */,
				D852BEC22B541A3D0003A0D1 /* LogoView.swift in Sources */,
				D8930E152B5574FA002AF2E3 /* ThemeColor.swift in Sources */,
				D8930E1A2B557594002AF2E3 /* UIColor+Extension.swift in Sources */,
				D852BEC62B541CDB0003A0D1 /* BillInputView.swift in Sources */,
				D852BEC42B541CAC0003A0D1 /* ResultView.swift in Sources */,
				D852BE832B53FC4A0003A0D1 /* AppDelegate.swift in Sources */,
				D8930E172B557505002AF2E3 /* ThemeFont.swift in Sources */,
				D852BE852B53FC4A0003A0D1 /* SceneDelegate.swift in Sources */,
				D83258A42B56BC8F006267A3 /* LabelFactory.swift in Sources */,
				D852BECA2B541D170003A0D1 /* SplitInputView.swift in Sources */,
				D852BEC82B541CFE0003A0D1 /* TipInputView.swift in Sources */,
			);
			runOnlyForDeploymentPostprocessing = 0;
		};
		D852BE912B53FC4C0003A0D1 /* Sources */ = {
			isa = PBXSourcesBuildPhase;
			buildActionMask = 2147483647;
			files = (
				D852BE9A2B53FC4C0003A0D1 /* TipCalculatorTests.swift in Sources */,
			);
			runOnlyForDeploymentPostprocessing = 0;
		};
		D852BE9B2B53FC4C0003A0D1 /* Sources */ = {
			isa = PBXSourcesBuildPhase;
			buildActionMask = 2147483647;
			files = (
				D852BEA62B53FC4C0003A0D1 /* TipCalculatorUITestsLaunchTests.swift in Sources */,
				D852BEA42B53FC4C0003A0D1 /* TipCalculatorUITests.swift in Sources */,
			);
			runOnlyForDeploymentPostprocessing = 0;
		};
/* End PBXSourcesBuildPhase section */

/* Begin PBXTargetDependency section */
		D852BE972B53FC4C0003A0D1 /* PBXTargetDependency */ = {
			isa = PBXTargetDependency;
			target = D852BE7E2B53FC4A0003A0D1 /* TipCalculator */;
			targetProxy = D852BE962B53FC4C0003A0D1 /* PBXContainerItemProxy */;
		};
		D852BEA12B53FC4C0003A0D1 /* PBXTargetDependency */ = {
			isa = PBXTargetDependency;
			target = D852BE7E2B53FC4A0003A0D1 /* TipCalculator */;
			targetProxy = D852BEA02B53FC4C0003A0D1 /* PBXContainerItemProxy */;
		};
/* End PBXTargetDependency section */

/* Begin PBXVariantGroup section */
		D852BE8D2B53FC4B0003A0D1 /* LaunchScreen.storyboard */ = {
			isa = PBXVariantGroup;
			children = (
				D852BE8E2B53FC4B0003A0D1 /* Base */,
			);
			name = LaunchScreen.storyboard;
			sourceTree = "<group>";
		};
/* End PBXVariantGroup section */

/* Begin XCBuildConfiguration section */
		D852BEA72B53FC4C0003A0D1 /* Debug */ = {
			isa = XCBuildConfiguration;
			buildSettings = {
				ALWAYS_SEARCH_USER_PATHS = NO;
				ASSETCATALOG_COMPILER_GENERATE_SWIFT_ASSET_SYMBOL_EXTENSIONS = YES;
				CLANG_ANALYZER_NONNULL = YES;
				CLANG_ANALYZER_NUMBER_OBJECT_CONVERSION = YES_AGGRESSIVE;
				CLANG_CXX_LANGUAGE_STANDARD = "gnu++20";
				CLANG_ENABLE_MODULES = YES;
				CLANG_ENABLE_OBJC_ARC = YES;
				CLANG_ENABLE_OBJC_WEAK = YES;
				CLANG_WARN_BLOCK_CAPTURE_AUTORELEASING = YES;
				CLANG_WARN_BOOL_CONVERSION = YES;
				CLANG_WARN_COMMA = YES;
				CLANG_WARN_CONSTANT_CONVERSION = YES;
				CLANG_WARN_DEPRECATED_OBJC_IMPLEMENTATIONS = YES;
				CLANG_WARN_DIRECT_OBJC_ISA_USAGE = YES_ERROR;
				CLANG_WARN_DOCUMENTATION_COMMENTS = YES;
				CLANG_WARN_EMPTY_BODY = YES;
				CLANG_WARN_ENUM_CONVERSION = YES;
				CLANG_WARN_INFINITE_RECURSION = YES;
				CLANG_WARN_INT_CONVERSION = YES;
				CLANG_WARN_NON_LITERAL_NULL_CONVERSION = YES;
				CLANG_WARN_OBJC_IMPLICIT_RETAIN_SELF = YES;
				CLANG_WARN_OBJC_LITERAL_CONVERSION = YES;
				CLANG_WARN_OBJC_ROOT_CLASS = YES_ERROR;
				CLANG_WARN_QUOTED_INCLUDE_IN_FRAMEWORK_HEADER = YES;
				CLANG_WARN_RANGE_LOOP_ANALYSIS = YES;
				CLANG_WARN_STRICT_PROTOTYPES = YES;
				CLANG_WARN_SUSPICIOUS_MOVE = YES;
				CLANG_WARN_UNGUARDED_AVAILABILITY = YES_AGGRESSIVE;
				CLANG_WARN_UNREACHABLE_CODE = YES;
				CLANG_WARN__DUPLICATE_METHOD_MATCH = YES;
				COPY_PHASE_STRIP = NO;
				DEBUG_INFORMATION_FORMAT = dwarf;
				ENABLE_STRICT_OBJC_MSGSEND = YES;
				ENABLE_TESTABILITY = YES;
				ENABLE_USER_SCRIPT_SANDBOXING = YES;
				GCC_C_LANGUAGE_STANDARD = gnu17;
				GCC_DYNAMIC_NO_PIC = NO;
				GCC_NO_COMMON_BLOCKS = YES;
				GCC_OPTIMIZATION_LEVEL = 0;
				GCC_PREPROCESSOR_DEFINITIONS = (
					"DEBUG=1",
					"$(inherited)",
				);
				GCC_WARN_64_TO_32_BIT_CONVERSION = YES;
				GCC_WARN_ABOUT_RETURN_TYPE = YES_ERROR;
				GCC_WARN_UNDECLARED_SELECTOR = YES;
				GCC_WARN_UNINITIALIZED_AUTOS = YES_AGGRESSIVE;
				GCC_WARN_UNUSED_FUNCTION = YES;
				GCC_WARN_UNUSED_VARIABLE = YES;
				IPHONEOS_DEPLOYMENT_TARGET = 17.2;
				LOCALIZATION_PREFERS_STRING_CATALOGS = YES;
				MTL_ENABLE_DEBUG_INFO = INCLUDE_SOURCE;
				MTL_FAST_MATH = YES;
				ONLY_ACTIVE_ARCH = YES;
				SDKROOT = iphoneos;
				SWIFT_ACTIVE_COMPILATION_CONDITIONS = "DEBUG $(inherited)";
				SWIFT_OPTIMIZATION_LEVEL = "-Onone";
			};
			name = Debug;
		};
		D852BEA82B53FC4C0003A0D1 /* Release */ = {
			isa = XCBuildConfiguration;
			buildSettings = {
				ALWAYS_SEARCH_USER_PATHS = NO;
				ASSETCATALOG_COMPILER_GENERATE_SWIFT_ASSET_SYMBOL_EXTENSIONS = YES;
				CLANG_ANALYZER_NONNULL = YES;
				CLANG_ANALYZER_NUMBER_OBJECT_CONVERSION = YES_AGGRESSIVE;
				CLANG_CXX_LANGUAGE_STANDARD = "gnu++20";
				CLANG_ENABLE_MODULES = YES;
				CLANG_ENABLE_OBJC_ARC = YES;
				CLANG_ENABLE_OBJC_WEAK = YES;
				CLANG_WARN_BLOCK_CAPTURE_AUTORELEASING = YES;
				CLANG_WARN_BOOL_CONVERSION = YES;
				CLANG_WARN_COMMA = YES;
				CLANG_WARN_CONSTANT_CONVERSION = YES;
				CLANG_WARN_DEPRECATED_OBJC_IMPLEMENTATIONS = YES;
				CLANG_WARN_DIRECT_OBJC_ISA_USAGE = YES_ERROR;
				CLANG_WARN_DOCUMENTATION_COMMENTS = YES;
				CLANG_WARN_EMPTY_BODY = YES;
				CLANG_WARN_ENUM_CONVERSION = YES;
				CLANG_WARN_INFINITE_RECURSION = YES;
				CLANG_WARN_INT_CONVERSION = YES;
				CLANG_WARN_NON_LITERAL_NULL_CONVERSION = YES;
				CLANG_WARN_OBJC_IMPLICIT_RETAIN_SELF = YES;
				CLANG_WARN_OBJC_LITERAL_CONVERSION = YES;
				CLANG_WARN_OBJC_ROOT_CLASS = YES_ERROR;
				CLANG_WARN_QUOTED_INCLUDE_IN_FRAMEWORK_HEADER = YES;
				CLANG_WARN_RANGE_LOOP_ANALYSIS = YES;
				CLANG_WARN_STRICT_PROTOTYPES = YES;
				CLANG_WARN_SUSPICIOUS_MOVE = YES;
				CLANG_WARN_UNGUARDED_AVAILABILITY = YES_AGGRESSIVE;
				CLANG_WARN_UNREACHABLE_CODE = YES;
				CLANG_WARN__DUPLICATE_METHOD_MATCH = YES;
				COPY_PHASE_STRIP = NO;
				DEBUG_INFORMATION_FORMAT = "dwarf-with-dsym";
				ENABLE_NS_ASSERTIONS = NO;
				ENABLE_STRICT_OBJC_MSGSEND = YES;
				ENABLE_USER_SCRIPT_SANDBOXING = YES;
				GCC_C_LANGUAGE_STANDARD = gnu17;
				GCC_NO_COMMON_BLOCKS = YES;
				GCC_WARN_64_TO_32_BIT_CONVERSION = YES;
				GCC_WARN_ABOUT_RETURN_TYPE = YES_ERROR;
				GCC_WARN_UNDECLARED_SELECTOR = YES;
				GCC_WARN_UNINITIALIZED_AUTOS = YES_AGGRESSIVE;
				GCC_WARN_UNUSED_FUNCTION = YES;
				GCC_WARN_UNUSED_VARIABLE = YES;
				IPHONEOS_DEPLOYMENT_TARGET = 17.2;
				LOCALIZATION_PREFERS_STRING_CATALOGS = YES;
				MTL_ENABLE_DEBUG_INFO = NO;
				MTL_FAST_MATH = YES;
				SDKROOT = iphoneos;
				SWIFT_COMPILATION_MODE = wholemodule;
				VALIDATE_PRODUCT = YES;
			};
			name = Release;
		};
		D852BEAA2B53FC4C0003A0D1 /* Debug */ = {
			isa = XCBuildConfiguration;
			buildSettings = {
				ASSETCATALOG_COMPILER_APPICON_NAME = AppIcon;
				ASSETCATALOG_COMPILER_GLOBAL_ACCENT_COLOR_NAME = AccentColor;
				CODE_SIGN_STYLE = Automatic;
				CURRENT_PROJECT_VERSION = 1;
				GENERATE_INFOPLIST_FILE = YES;
				INFOPLIST_FILE = TipCalculator/Info.plist;
				INFOPLIST_KEY_UIApplicationSupportsIndirectInputEvents = YES;
				INFOPLIST_KEY_UILaunchStoryboardName = LaunchScreen;
				INFOPLIST_KEY_UISupportedInterfaceOrientations_iPad = "UIInterfaceOrientationPortrait UIInterfaceOrientationPortraitUpsideDown UIInterfaceOrientationLandscapeLeft UIInterfaceOrientationLandscapeRight";
				INFOPLIST_KEY_UISupportedInterfaceOrientations_iPhone = "UIInterfaceOrientationPortrait UIInterfaceOrientationLandscapeLeft UIInterfaceOrientationLandscapeRight";
				LD_RUNPATH_SEARCH_PATHS = (
					"$(inherited)",
					"@executable_path/Frameworks",
				);
				MARKETING_VERSION = 1.0;
				PRODUCT_BUNDLE_IDENTIFIER = com.joe3524.TipCalculator;
				PRODUCT_NAME = "$(TARGET_NAME)";
				SWIFT_EMIT_LOC_STRINGS = YES;
				SWIFT_VERSION = 5.0;
				TARGETED_DEVICE_FAMILY = "1,2";
			};
			name = Debug;
		};
		D852BEAB2B53FC4C0003A0D1 /* Release */ = {
			isa = XCBuildConfiguration;
			buildSettings = {
				ASSETCATALOG_COMPILER_APPICON_NAME = AppIcon;
				ASSETCATALOG_COMPILER_GLOBAL_ACCENT_COLOR_NAME = AccentColor;
				CODE_SIGN_STYLE = Automatic;
				CURRENT_PROJECT_VERSION = 1;
				GENERATE_INFOPLIST_FILE = YES;
				INFOPLIST_FILE = TipCalculator/Info.plist;
				INFOPLIST_KEY_UIApplicationSupportsIndirectInputEvents = YES;
				INFOPLIST_KEY_UILaunchStoryboardName = LaunchScreen;
				INFOPLIST_KEY_UISupportedInterfaceOrientations_iPad = "UIInterfaceOrientationPortrait UIInterfaceOrientationPortraitUpsideDown UIInterfaceOrientationLandscapeLeft UIInterfaceOrientationLandscapeRight";
				INFOPLIST_KEY_UISupportedInterfaceOrientations_iPhone = "UIInterfaceOrientationPortrait UIInterfaceOrientationLandscapeLeft UIInterfaceOrientationLandscapeRight";
				LD_RUNPATH_SEARCH_PATHS = (
					"$(inherited)",
					"@executable_path/Frameworks",
				);
				MARKETING_VERSION = 1.0;
				PRODUCT_BUNDLE_IDENTIFIER = com.joe3524.TipCalculator;
				PRODUCT_NAME = "$(TARGET_NAME)";
				SWIFT_EMIT_LOC_STRINGS = YES;
				SWIFT_VERSION = 5.0;
				TARGETED_DEVICE_FAMILY = "1,2";
			};
			name = Release;
		};
		D852BEAD2B53FC4C0003A0D1 /* Debug */ = {
			isa = XCBuildConfiguration;
			buildSettings = {
				ALWAYS_EMBED_SWIFT_STANDARD_LIBRARIES = YES;
				BUNDLE_LOADER = "$(TEST_HOST)";
				CODE_SIGN_STYLE = Automatic;
				CURRENT_PROJECT_VERSION = 1;
				GENERATE_INFOPLIST_FILE = YES;
				IPHONEOS_DEPLOYMENT_TARGET = 17.2;
				MARKETING_VERSION = 1.0;
				PRODUCT_BUNDLE_IDENTIFIER = com.joe3524.TipCalculatorTests;
				PRODUCT_NAME = "$(TARGET_NAME)";
				SWIFT_EMIT_LOC_STRINGS = NO;
				SWIFT_VERSION = 5.0;
				TARGETED_DEVICE_FAMILY = "1,2";
				TEST_HOST = "$(BUILT_PRODUCTS_DIR)/TipCalculator.app/$(BUNDLE_EXECUTABLE_FOLDER_PATH)/TipCalculator";
			};
			name = Debug;
		};
		D852BEAE2B53FC4C0003A0D1 /* Release */ = {
			isa = XCBuildConfiguration;
			buildSettings = {
				ALWAYS_EMBED_SWIFT_STANDARD_LIBRARIES = YES;
				BUNDLE_LOADER = "$(TEST_HOST)";
				CODE_SIGN_STYLE = Automatic;
				CURRENT_PROJECT_VERSION = 1;
				GENERATE_INFOPLIST_FILE = YES;
				IPHONEOS_DEPLOYMENT_TARGET = 17.2;
				MARKETING_VERSION = 1.0;
				PRODUCT_BUNDLE_IDENTIFIER = com.joe3524.TipCalculatorTests;
				PRODUCT_NAME = "$(TARGET_NAME)";
				SWIFT_EMIT_LOC_STRINGS = NO;
				SWIFT_VERSION = 5.0;
				TARGETED_DEVICE_FAMILY = "1,2";
				TEST_HOST = "$(BUILT_PRODUCTS_DIR)/TipCalculator.app/$(BUNDLE_EXECUTABLE_FOLDER_PATH)/TipCalculator";
			};
			name = Release;
		};
		D852BEB02B53FC4C0003A0D1 /* Debug */ = {
			isa = XCBuildConfiguration;
			buildSettings = {
				ALWAYS_EMBED_SWIFT_STANDARD_LIBRARIES = YES;
				CODE_SIGN_STYLE = Automatic;
				CURRENT_PROJECT_VERSION = 1;
				GENERATE_INFOPLIST_FILE = YES;
				MARKETING_VERSION = 1.0;
				PRODUCT_BUNDLE_IDENTIFIER = com.joe3524.TipCalculatorUITests;
				PRODUCT_NAME = "$(TARGET_NAME)";
				SWIFT_EMIT_LOC_STRINGS = NO;
				SWIFT_VERSION = 5.0;
				TARGETED_DEVICE_FAMILY = "1,2";
				TEST_TARGET_NAME = TipCalculator;
			};
			name = Debug;
		};
		D852BEB12B53FC4C0003A0D1 /* Release */ = {
			isa = XCBuildConfiguration;
			buildSettings = {
				ALWAYS_EMBED_SWIFT_STANDARD_LIBRARIES = YES;
				CODE_SIGN_STYLE = Automatic;
				CURRENT_PROJECT_VERSION = 1;
				GENERATE_INFOPLIST_FILE = YES;
				MARKETING_VERSION = 1.0;
				PRODUCT_BUNDLE_IDENTIFIER = com.joe3524.TipCalculatorUITests;
				PRODUCT_NAME = "$(TARGET_NAME)";
				SWIFT_EMIT_LOC_STRINGS = NO;
				SWIFT_VERSION = 5.0;
				TARGETED_DEVICE_FAMILY = "1,2";
				TEST_TARGET_NAME = TipCalculator;
			};
			name = Release;
		};
/* End XCBuildConfiguration section */

/* Begin XCConfigurationList section */
		D852BE7A2B53FC4A0003A0D1 /* Build configuration list for PBXProject "TipCalculator" */ = {
			isa = XCConfigurationList;
			buildConfigurations = (
				D852BEA72B53FC4C0003A0D1 /* Debug */,
				D852BEA82B53FC4C0003A0D1 /* Release */,
			);
			defaultConfigurationIsVisible = 0;
			defaultConfigurationName = Release;
		};
		D852BEA92B53FC4C0003A0D1 /* Build configuration list for PBXNativeTarget "TipCalculator" */ = {
			isa = XCConfigurationList;
			buildConfigurations = (
				D852BEAA2B53FC4C0003A0D1 /* Debug */,
				D852BEAB2B53FC4C0003A0D1 /* Release */,
			);
			defaultConfigurationIsVisible = 0;
			defaultConfigurationName = Release;
		};
		D852BEAC2B53FC4C0003A0D1 /* Build configuration list for PBXNativeTarget "TipCalculatorTests" */ = {
			isa = XCConfigurationList;
			buildConfigurations = (
				D852BEAD2B53FC4C0003A0D1 /* Debug */,
				D852BEAE2B53FC4C0003A0D1 /* Release */,
			);
			defaultConfigurationIsVisible = 0;
			defaultConfigurationName = Release;
		};
		D852BEAF2B53FC4C0003A0D1 /* Build configuration list for PBXNativeTarget "TipCalculatorUITests" */ = {
			isa = XCConfigurationList;
			buildConfigurations = (
				D852BEB02B53FC4C0003A0D1 /* Debug */,
				D852BEB12B53FC4C0003A0D1 /* Release */,
			);
			defaultConfigurationIsVisible = 0;
			defaultConfigurationName = Release;
		};
/* End XCConfigurationList section */

/* Begin XCRemoteSwiftPackageReference section */
		D852BEB22B5402B70003A0D1 /* XCRemoteSwiftPackageReference "CombineCocoa" */ = {
			isa = XCRemoteSwiftPackageReference;
			repositoryURL = "https://github.com/CombineCommunity/CombineCocoa";
			requirement = {
				kind = upToNextMajorVersion;
				minimumVersion = 0.4.1;
			};
		};
		D852BEB52B5403A60003A0D1 /* XCRemoteSwiftPackageReference "SnapKit" */ = {
			isa = XCRemoteSwiftPackageReference;
			repositoryURL = "https://github.com/SnapKit/SnapKit";
			requirement = {
				kind = upToNextMajorVersion;
				minimumVersion = 5.7.0;
			};
		};
		D852BEBB2B5406C30003A0D1 /* XCRemoteSwiftPackageReference "swift-snapshot-testing" */ = {
			isa = XCRemoteSwiftPackageReference;
			repositoryURL = "https://github.com/pointfreeco/swift-snapshot-testing";
			requirement = {
				kind = upToNextMajorVersion;
				minimumVersion = 1.15.2;
			};
		};
/* End XCRemoteSwiftPackageReference section */

/* Begin XCSwiftPackageProductDependency section */
		D852BEB32B5402B70003A0D1 /* CombineCocoa */ = {
			isa = XCSwiftPackageProductDependency;
			package = D852BEB22B5402B70003A0D1 /* XCRemoteSwiftPackageReference "CombineCocoa" */;
			productName = CombineCocoa;
		};
		D852BEB62B5403A60003A0D1 /* SnapKit */ = {
			isa = XCSwiftPackageProductDependency;
			package = D852BEB52B5403A60003A0D1 /* XCRemoteSwiftPackageReference "SnapKit" */;
			productName = SnapKit;
		};
		D852BEB92B54055B0003A0D1 /* CombineCocoa */ = {
			isa = XCSwiftPackageProductDependency;
			package = D852BEB22B5402B70003A0D1 /* XCRemoteSwiftPackageReference "CombineCocoa" */;
			productName = CombineCocoa;
		};
		D852BEBC2B5406C30003A0D1 /* SnapshotTesting */ = {
			isa = XCSwiftPackageProductDependency;
			package = D852BEBB2B5406C30003A0D1 /* XCRemoteSwiftPackageReference "swift-snapshot-testing" */;
			productName = SnapshotTesting;
		};
		D852BEBE2B5407B30003A0D1 /* CombineCocoa */ = {
			isa = XCSwiftPackageProductDependency;
			package = D852BEB22B5402B70003A0D1 /* XCRemoteSwiftPackageReference "CombineCocoa" */;
			productName = CombineCocoa;
		};
/* End XCSwiftPackageProductDependency section */
	};
	rootObject = D852BE772B53FC4A0003A0D1 /* Project object */;
}
